
Microsoft Visual Studio Solution File, Format Version 12.00
# Visual Studio Version 17
VisualStudioVersion = 17.9.34714.143
MinimumVisualStudioVersion = 10.0.40219.1
Project("{2150E333-8FDC-42A3-9474-1A3956D46DE8}") = "FrontEnd", "FrontEnd", "{4F5BD120-4F24-4AD5-B48A-B8905232EBF7}"
EndProject
Project("{2150E333-8FDC-42A3-9474-1A3956D46DE8}") = "Gateway", "Gateway", "{05A65722-E5BC-4774-93A2-F86DB2BAF4FE}"
EndProject
Project("{2150E333-8FDC-42A3-9474-1A3956D46DE8}") = "Services", "Services", "{35918758-41F1-43EA-BFDE-4066CB6F594D}"
EndProject
Project("{9A19103F-16F7-4668-BE54-9A1E7A4F7556}") = "Mango.Services.CouponAPI", "Mango.Services.CouponAPI\Mango.Services.CouponAPI.csproj", "{285CABAA-5C16-402F-973A-B7C9FBBA3FD9}"
EndProject
Project("{9A19103F-16F7-4668-BE54-9A1E7A4F7556}") = "Mango.Web", "Mango.Web\Mango.Web.csproj", "{361ECC28-821A-4B13-BE1D-93829AD6B45B}"
EndProject
Project("{9A19103F-16F7-4668-BE54-9A1E7A4F7556}") = "Mango.Services.AuthAPI", "Mango.Services.AuthAPI\Mango.Services.AuthAPI.csproj", "{A1880E57-0415-47C3-ABA8-BD54BC79BF15}"
EndProject
Project("{2150E333-8FDC-42A3-9474-1A3956D46DE8}") = "Solution Items", "Solution Items", "{16AC4DC9-A64E-486D-9C5F-2F8930C3BA05}"
	ProjectSection(SolutionItems) = preProject
		.editorconfig = .editorconfig
	EndProjectSection
EndProject
Project("{FAE04EC0-301F-11D3-BF4B-00C04F79EFBC}") = "Mango.Services.ProductAPI", "Mango.Services.ProductAPI\Mango.Services.ProductAPI.csproj", "{43C2C30B-5351-4510-9267-651A8E0CFD0E}"
EndProject
Global
	GlobalSection(SolutionConfigurationPlatforms) = preSolution
		Debug|Any CPU = Debug|Any CPU
		Release|Any CPU = Release|Any CPU
	EndGlobalSection
	GlobalSection(ProjectConfigurationPlatforms) = postSolution
		{285CABAA-5C16-402F-973A-B7C9FBBA3FD9}.Debug|Any CPU.ActiveCfg = Debug|Any CPU
		{285CABAA-5C16-402F-973A-B7C9FBBA3FD9}.Debug|Any CPU.Build.0 = Debug|Any CPU
		{285CABAA-5C16-402F-973A-B7C9FBBA3FD9}.Release|Any CPU.ActiveCfg = Release|Any CPU
		{285CABAA-5C16-402F-973A-B7C9FBBA3FD9}.Release|Any CPU.Build.0 = Release|Any CPU
		{361ECC28-821A-4B13-BE1D-93829AD6B45B}.Debug|Any CPU.ActiveCfg = Debug|Any CPU
		{361ECC28-821A-4B13-BE1D-93829AD6B45B}.Debug|Any CPU.Build.0 = Debug|Any CPU
		{361ECC28-821A-4B13-BE1D-93829AD6B45B}.Release|Any CPU.ActiveCfg = Release|Any CPU
		{361ECC28-821A-4B13-BE1D-93829AD6B45B}.Release|Any CPU.Build.0 = Release|Any CPU
		{A1880E57-0415-47C3-ABA8-BD54BC79BF15}.Debug|Any CPU.ActiveCfg = Debug|Any CPU
		{A1880E57-0415-47C3-ABA8-BD54BC79BF15}.Debug|Any CPU.Build.0 = Debug|Any CPU
		{A1880E57-0415-47C3-ABA8-BD54BC79BF15}.Release|Any CPU.ActiveCfg = Release|Any CPU
		{A1880E57-0415-47C3-ABA8-BD54BC79BF15}.Release|Any CPU.Build.0 = Release|Any CPU
		{43C2C30B-5351-4510-9267-651A8E0CFD0E}.Debug|Any CPU.ActiveCfg = Debug|Any CPU
		{43C2C30B-5351-4510-9267-651A8E0CFD0E}.Debug|Any CPU.Build.0 = Debug|Any CPU
		{43C2C30B-5351-4510-9267-651A8E0CFD0E}.Release|Any CPU.ActiveCfg = Release|Any CPU
		{43C2C30B-5351-4510-9267-651A8E0CFD0E}.Release|Any CPU.Build.0 = Release|Any CPU
	EndGlobalSection
	GlobalSection(SolutionProperties) = preSolution
		HideSolutionNode = FALSE
	EndGlobalSection
	GlobalSection(NestedProjects) = preSolution
		{285CABAA-5C16-402F-973A-B7C9FBBA3FD9} = {35918758-41F1-43EA-BFDE-4066CB6F594D}
		{361ECC28-821A-4B13-BE1D-93829AD6B45B} = {4F5BD120-4F24-4AD5-B48A-B8905232EBF7}
		{A1880E57-0415-47C3-ABA8-BD54BC79BF15} = {35918758-41F1-43EA-BFDE-4066CB6F594D}
		{43C2C30B-5351-4510-9267-651A8E0CFD0E} = {35918758-41F1-43EA-BFDE-4066CB6F594D}
	EndGlobalSection
	GlobalSection(ExtensibilityGlobals) = postSolution
		SolutionGuid = {393CFFA8-79D7-4ECD-B9E3-73B281434531}
	EndGlobalSection
EndGlobal
